# generated by rye
# use `rye lock` or `rye sync` to update this lockfile
#
# last locked with the following flags:
#   pre: false
#   features: []
#   all-features: false
#   with-sources: false
#   generate-hashes: false
#   universal: false

-e file:.
asttokens==3.0.0
    # via icecream
colorama==0.4.6
    # via icecream
executing==2.2.0
    # via icecream
icecream==2.1.4
    # via daily-coding
numpy==2.2.3
    # via daily-coding
pygments==2.19.1
    # via icecream
